
Microsoft Visual Studio Solution File, Format Version 12.00
# Visual Studio Version 16
VisualStudioVersion = 16.0.30225.117
MinimumVisualStudioVersion = 10.0.40219.1
Project("{9A19103F-16F7-4668-BE54-9A1E7A4F7556}") = "ProjetoBoletimAlunos", "ProjetoBoletimAlunos\ProjetoBoletimAlunos.csproj", "{94B3AF01-D744-4092-929B-7B491555B130}"
EndProject
Project("{9A19103F-16F7-4668-BE54-9A1E7A4F7556}") = "ProjetoBoletimAlunos.Utilidades", "ProjetoBoletimAlunos.Utilidades\ProjetoBoletimAlunos.Utilidades.csproj", "{1C38CDDE-8323-4F5F-B051-C83DA46B272F}"
EndProject
Project("{9A19103F-16F7-4668-BE54-9A1E7A4F7556}") = "ProjetoBoletimAlunos.Validations", "ProjetoBoletimAlunos.Validation\ProjetoBoletimAlunos.Validations.csproj", "{F992E8AD-A439-431C-8AF5-678E7265BB99}"
EndProject
Project("{9A19103F-16F7-4668-BE54-9A1E7A4F7556}") = "ProjetoBoletimAlunos.Context", "ProjetoBoletimAlunos.Context\ProjetoBoletimAlunos.Context.csproj", "{32B09FE6-461F-4428-B027-3CB9C12606D7}"
EndProject
Project("{2150E333-8FDC-42A3-9474-1A3956D46DE8}") = "Solution Items", "Solution Items", "{498BBF68-891E-4122-A549-4199E56302CC}"
	ProjectSection(SolutionItems) = preProject
		.editorconfig = .editorconfig
	EndProjectSection
EndProject
Project("{FAE04EC0-301F-11D3-BF4B-00C04F79EFBC}") = "ProjetoBoletimAlunos.Forms", "ProjetoBoletimAlunos.Forms\ProjetoBoletimAlunos.Forms.csproj", "{F5B5620C-36B4-4558-8B3C-FB0AEDAB6252}"
EndProject
Global
	GlobalSection(SolutionConfigurationPlatforms) = preSolution
		Debug|Any CPU = Debug|Any CPU
		Release|Any CPU = Release|Any CPU
	EndGlobalSection
	GlobalSection(ProjectConfigurationPlatforms) = postSolution
		{94B3AF01-D744-4092-929B-7B491555B130}.Debug|Any CPU.ActiveCfg = Debug|Any CPU
		{94B3AF01-D744-4092-929B-7B491555B130}.Debug|Any CPU.Build.0 = Debug|Any CPU
		{94B3AF01-D744-4092-929B-7B491555B130}.Release|Any CPU.ActiveCfg = Release|Any CPU
		{94B3AF01-D744-4092-929B-7B491555B130}.Release|Any CPU.Build.0 = Release|Any CPU
		{1C38CDDE-8323-4F5F-B051-C83DA46B272F}.Debug|Any CPU.ActiveCfg = Debug|Any CPU
		{1C38CDDE-8323-4F5F-B051-C83DA46B272F}.Debug|Any CPU.Build.0 = Debug|Any CPU
		{1C38CDDE-8323-4F5F-B051-C83DA46B272F}.Release|Any CPU.ActiveCfg = Release|Any CPU
		{1C38CDDE-8323-4F5F-B051-C83DA46B272F}.Release|Any CPU.Build.0 = Release|Any CPU
		{F992E8AD-A439-431C-8AF5-678E7265BB99}.Debug|Any CPU.ActiveCfg = Debug|Any CPU
		{F992E8AD-A439-431C-8AF5-678E7265BB99}.Debug|Any CPU.Build.0 = Debug|Any CPU
		{F992E8AD-A439-431C-8AF5-678E7265BB99}.Release|Any CPU.ActiveCfg = Release|Any CPU
		{F992E8AD-A439-431C-8AF5-678E7265BB99}.Release|Any CPU.Build.0 = Release|Any CPU
		{32B09FE6-461F-4428-B027-3CB9C12606D7}.Debug|Any CPU.ActiveCfg = Debug|Any CPU
		{32B09FE6-461F-4428-B027-3CB9C12606D7}.Debug|Any CPU.Build.0 = Debug|Any CPU
		{32B09FE6-461F-4428-B027-3CB9C12606D7}.Release|Any CPU.ActiveCfg = Release|Any CPU
		{32B09FE6-461F-4428-B027-3CB9C12606D7}.Release|Any CPU.Build.0 = Release|Any CPU
		{F5B5620C-36B4-4558-8B3C-FB0AEDAB6252}.Debug|Any CPU.ActiveCfg = Debug|Any CPU
		{F5B5620C-36B4-4558-8B3C-FB0AEDAB6252}.Debug|Any CPU.Build.0 = Debug|Any CPU
		{F5B5620C-36B4-4558-8B3C-FB0AEDAB6252}.Release|Any CPU.ActiveCfg = Release|Any CPU
		{F5B5620C-36B4-4558-8B3C-FB0AEDAB6252}.Release|Any CPU.Build.0 = Release|Any CPU
	EndGlobalSection
	GlobalSection(SolutionProperties) = preSolution
		HideSolutionNode = FALSE
	EndGlobalSection
	GlobalSection(ExtensibilityGlobals) = postSolution
		SolutionGuid = {513F07D9-13CD-475C-A8BC-AD89ADFE4BBB}
	EndGlobalSection
EndGlobal
