
Microsoft Visual Studio Solution File, Format Version 12.00
# Visual Studio Version 16
VisualStudioVersion = 16.0.30225.117
MinimumVisualStudioVersion = 10.0.40219.1
Project("{9A19103F-16F7-4668-BE54-9A1E7A4F7556}") = "ProjetoBoletimAlunos", "ProjetoBoletimAlunos\ProjetoBoletimAlunos.csproj", "{94B3AF01-D744-4092-929B-7B491555B130}"
EndProject
Project("{FAE04EC0-301F-11D3-BF4B-00C04F79EFBC}") = "ProjetoBoletimAlunos.Utilidades", "ProjetoBoletimAlunos.Utilidades\ProjetoBoletimAlunos.Utilidades.csproj", "{1C38CDDE-8323-4F5F-B051-C83DA46B272F}"
EndProject
Global
	GlobalSection(SolutionConfigurationPlatforms) = preSolution
		Debug|Any CPU = Debug|Any CPU
		Release|Any CPU = Release|Any CPU
	EndGlobalSection
	GlobalSection(ProjectConfigurationPlatforms) = postSolution
		{94B3AF01-D744-4092-929B-7B491555B130}.Debug|Any CPU.ActiveCfg = Debug|Any CPU
		{94B3AF01-D744-4092-929B-7B491555B130}.Debug|Any CPU.Build.0 = Debug|Any CPU
		{94B3AF01-D744-4092-929B-7B491555B130}.Release|Any CPU.ActiveCfg = Release|Any CPU
		{94B3AF01-D744-4092-929B-7B491555B130}.Release|Any CPU.Build.0 = Release|Any CPU
		{1C38CDDE-8323-4F5F-B051-C83DA46B272F}.Debug|Any CPU.ActiveCfg = Debug|Any CPU
		{1C38CDDE-8323-4F5F-B051-C83DA46B272F}.Debug|Any CPU.Build.0 = Debug|Any CPU
		{1C38CDDE-8323-4F5F-B051-C83DA46B272F}.Release|Any CPU.ActiveCfg = Release|Any CPU
		{1C38CDDE-8323-4F5F-B051-C83DA46B272F}.Release|Any CPU.Build.0 = Release|Any CPU
	EndGlobalSection
	GlobalSection(SolutionProperties) = preSolution
		HideSolutionNode = FALSE
	EndGlobalSection
	GlobalSection(ExtensibilityGlobals) = postSolution
		SolutionGuid = {513F07D9-13CD-475C-A8BC-AD89ADFE4BBB}
	EndGlobalSection
EndGlobal
